<?xml version="1.0" encoding="UTF-8" standalone="yes" ?>
<CodeBlocks_project_file>
	<FileVersion major="1" minor="6" />
	<Project>
		<Option title="color" />
		<Option makefile="Sconstruct" />
		<Option makefile_is_custom="1" />
		<Option pch_mode="2" />
		<Option compiler="gcc" />
		<Build>
			<Target title="Debug">
				<Option output="out/color" prefix_auto="1" extension_auto="1" />
				<Option object_output="out/" />
				<Option type="1" />
				<Option compiler="gcc" />
				<MakeCommands>
					<Build command="scons" />
					<CompileFile command="" />
					<Clean command="scons -c" />
					<DistClean command="$make -f $makefile distclean$target" />
					<AskRebuildNeeded command="" />
					<SilentBuild command="scons &gt; $(CMD_NULL)" />
				</MakeCommands>
			</Target>
		</Build>
		<Unit filename="bound.cpp" />
		<Unit filename="conversion.cpp" />
		<Unit filename="decompose.cpp" />
		<Unit filename="get_invoke.cpp" />
		<Unit filename="get_test.cpp" />
		<Unit filename="gray_test.cpp" />
		<Unit filename="main.cpp" />
		<Unit filename="make.cpp" />
		<Unit filename="place.cpp" />
		<Unit filename="print.hpp" />
		<Unit filename="selfie.cpp" />
		<Unit filename="set_invoke.cpp" />
		<Unit filename="sizeof.cpp" />
		<Unit filename="targa.cpp" />
		<Unit filename="targa.hpp" />
		<Extensions>
			<code_completion />
			<debugger />
		</Extensions>
	</Project>
</CodeBlocks_project_file>
