<?xml version="1.0" encoding="utf-8"?>
<Project ToolsVersion="4.0" xmlns="http://schemas.microsoft.com/developer/msbuild/2003">
  <ItemGroup>
    <Filter Include="Source Files">
      <UniqueIdentifier>{4FC737F1-C7A5-4376-A066-2A32D752A2FF}</UniqueIdentifier>
      <Extensions>cpp;c;cc;cxx;def;odl;idl;hpj;bat;asm;asmx</Extensions>
    </Filter>
    <Filter Include="Header Files">
      <UniqueIdentifier>{93995380-89BD-4b04-88EB-625FBE52EBFB}</UniqueIdentifier>
      <Extensions>h;hh;hpp;hxx;hm;inl;inc;xsd</Extensions>
    </Filter>
    <Filter Include="Resource Files">
      <UniqueIdentifier>{67DA6AB6-F800-4c08-8B7A-83BB121AAD01}</UniqueIdentifier>
      <Extensions>rc;ico;cur;bmp;dlg;rc2;rct;bin;rgs;gif;jpg;jpeg;jpe;resx;tiff;tif;png;wav;mfcribbon-ms</Extensions>
    </Filter>
    <Filter Include="Source Files\src">
      <UniqueIdentifier>{49c69032-5713-49e4-9ea9-b4da3e0484b2}</UniqueIdentifier>
    </Filter>
    <Filter Include="Source Files\src\_internal">
      <UniqueIdentifier>{807e49bc-bbc5-4c64-b89f-b727cc5e3d2b}</UniqueIdentifier>
    </Filter>
    <Filter Include="Source Files\src\rgb">
      <UniqueIdentifier>{4d99945d-ba94-4aab-99ff-5443fb56ae5d}</UniqueIdentifier>
    </Filter>
    <Filter Include="Source Files\src\rgb\set">
      <UniqueIdentifier>{9f2de4e6-00a1-47e8-aa1b-c7d498ff3c63}</UniqueIdentifier>
    </Filter>
    <Filter Include="Source Files\src\rgb\get">
      <UniqueIdentifier>{4d392fb0-baf3-4fd1-a668-5b57bbd1b733}</UniqueIdentifier>
    </Filter>
    <Filter Include="Source Files\src\rgb\make">
      <UniqueIdentifier>{ac6df010-d00f-473f-abce-c8465cfede03}</UniqueIdentifier>
    </Filter>
    <Filter Include="Source Files\src\rgb\init">
      <UniqueIdentifier>{42e4efa0-b71a-42cd-9c6b-fbca02c5d5af}</UniqueIdentifier>
    </Filter>
    <Filter Include="Source Files\src\gray">
      <UniqueIdentifier>{ca2d3419-b4bb-4a15-8790-56402b629c3e}</UniqueIdentifier>
    </Filter>
    <Filter Include="Source Files\src\cmy">
      <UniqueIdentifier>{7160eddc-5616-4d2a-9acf-564b8f78499a}</UniqueIdentifier>
    </Filter>
    <Filter Include="Source Files\src\gray\set">
      <UniqueIdentifier>{4ee2ec04-4c35-4d88-ac50-32f59c37c7ac}</UniqueIdentifier>
    </Filter>
    <Filter Include="Source Files\src\gray\get">
      <UniqueIdentifier>{a1d14230-f3ee-4a39-9246-a7861ca9fc85}</UniqueIdentifier>
    </Filter>
    <Filter Include="Source Files\src\gray\make">
      <UniqueIdentifier>{d7462720-ff7b-4f96-8de5-e9c9c0a430f0}</UniqueIdentifier>
    </Filter>
    <Filter Include="Source Files\src\gray\init">
      <UniqueIdentifier>{44a87304-b79d-4198-b033-b2e6ac5db20b}</UniqueIdentifier>
    </Filter>
    <Filter Include="Source Files\src\cmy\get">
      <UniqueIdentifier>{b9971185-dd5a-4851-9074-36d2e060c97d}</UniqueIdentifier>
    </Filter>
    <Filter Include="Source Files\src\cmy\set">
      <UniqueIdentifier>{d94d7b10-2ac9-4657-add3-3d8bbbfd491f}</UniqueIdentifier>
    </Filter>
    <Filter Include="Source Files\src\cmy\make">
      <UniqueIdentifier>{9c0a4234-fda9-4b9d-b536-b9d58936c6f4}</UniqueIdentifier>
    </Filter>
    <Filter Include="Source Files\src\cmy\init">
      <UniqueIdentifier>{5308a8c1-a69e-4bca-a85f-651e307aaa41}</UniqueIdentifier>
    </Filter>
    <Filter Include="Source Files\src\yiq">
      <UniqueIdentifier>{979563e4-10ef-4bdf-9337-a94fa4220f99}</UniqueIdentifier>
    </Filter>
    <Filter Include="Source Files\src\yiq\get">
      <UniqueIdentifier>{c1c83fab-740d-4b51-a1a2-62130762aa2d}</UniqueIdentifier>
    </Filter>
    <Filter Include="Source Files\src\yiq\set">
      <UniqueIdentifier>{166c84fe-9342-46d0-95ae-8fa5914fe82f}</UniqueIdentifier>
    </Filter>
    <Filter Include="Source Files\src\yiq\make">
      <UniqueIdentifier>{effcac08-5ef0-491a-a4d9-952522a83cae}</UniqueIdentifier>
    </Filter>
    <Filter Include="Source Files\src\hsl">
      <UniqueIdentifier>{bdf9b088-ef65-41e6-8f20-d23a2ea6687a}</UniqueIdentifier>
    </Filter>
    <Filter Include="Source Files\src\rgb\convert">
      <UniqueIdentifier>{1fcfb361-25e8-48ae-b922-e892236ad1cb}</UniqueIdentifier>
    </Filter>
    <Filter Include="Source Files\src\cmy\convert">
      <UniqueIdentifier>{33d16a50-9240-4aec-814e-9a907d92da52}</UniqueIdentifier>
    </Filter>
    <Filter Include="Source Files\src\cmyk">
      <UniqueIdentifier>{cce06849-b7c5-4c73-a9a8-b93252fd0b63}</UniqueIdentifier>
    </Filter>
    <Filter Include="Source Files\src\cmyk\convert">
      <UniqueIdentifier>{1b4ca2c2-699f-4854-8d0e-d465137da1e4}</UniqueIdentifier>
    </Filter>
    <Filter Include="Source Files\src\cmyk\get">
      <UniqueIdentifier>{1172336f-db82-45ed-837b-d427f3eb1533}</UniqueIdentifier>
    </Filter>
    <Filter Include="Source Files\src\cmyk\set">
      <UniqueIdentifier>{ad6f3762-da12-48d1-8a5a-aea5882d7c66}</UniqueIdentifier>
    </Filter>
    <Filter Include="Source Files\src\cmyk\make">
      <UniqueIdentifier>{b6c3f120-1a78-46cb-ba5b-0a6291db766f}</UniqueIdentifier>
    </Filter>
    <Filter Include="Source Files\src\hsl\set">
      <UniqueIdentifier>{8bac6c81-39c7-4a62-b737-8b3e18dda50d}</UniqueIdentifier>
    </Filter>
    <Filter Include="Source Files\src\hsl\get">
      <UniqueIdentifier>{928a6803-7ac9-4218-a558-a110443e265c}</UniqueIdentifier>
    </Filter>
    <Filter Include="Source Files\src\hsl\make">
      <UniqueIdentifier>{bcf3838b-4506-4879-bc91-10d0b12f59f7}</UniqueIdentifier>
    </Filter>
    <Filter Include="Source Files\src\_internal\utility">
      <UniqueIdentifier>{a22d5a3d-3439-41c3-b093-6d44a725ad33}</UniqueIdentifier>
    </Filter>
    <Filter Include="Source Files\src\_internal\utility\bound">
      <UniqueIdentifier>{e7883e6b-6bf6-4076-8c8b-082a71cf1fbf}</UniqueIdentifier>
    </Filter>
    <Filter Include="Source Files\src\_internal\utility\component">
      <UniqueIdentifier>{9772cece-98d5-45fc-b980-938ce12794c8}</UniqueIdentifier>
    </Filter>
    <Filter Include="Source Files\src\_internal\utility\container">
      <UniqueIdentifier>{843f593c-0588-4fa2-bfcd-5c1c9310978e}</UniqueIdentifier>
    </Filter>
    <Filter Include="Source Files\src\_internal\utility\type">
      <UniqueIdentifier>{f3597bc2-4448-42a7-a27d-4c4b0d3273b4}</UniqueIdentifier>
    </Filter>
    <Filter Include="Source Files\src\gray\convert">
      <UniqueIdentifier>{9a578899-9371-4bfe-a722-a457f8fd5fe4}</UniqueIdentifier>
    </Filter>
  </ItemGroup>
  <ItemGroup>
    <ClCompile Include="main.cpp">
      <Filter>Source Files</Filter>
    </ClCompile>
  </ItemGroup>
  <ItemGroup>
    <ClInclude Include="..\..\src\color\color.hpp">
      <Filter>Source Files\src</Filter>
    </ClInclude>
    <ClInclude Include="..\..\src\color\rgb\category.hpp">
      <Filter>Source Files\src\rgb</Filter>
    </ClInclude>
    <ClInclude Include="..\..\src\color\rgb\double.hpp">
      <Filter>Source Files\src\rgb</Filter>
    </ClInclude>
    <ClInclude Include="..\..\src\color\rgb\float.hpp">
      <Filter>Source Files\src\rgb</Filter>
    </ClInclude>
    <ClInclude Include="..\..\src\color\rgb\ldouble.hpp">
      <Filter>Source Files\src\rgb</Filter>
    </ClInclude>
    <ClInclude Include="..\..\src\color\rgb\rgb.hpp">
      <Filter>Source Files\src\rgb</Filter>
    </ClInclude>
    <ClInclude Include="..\..\src\color\rgb\uint16.hpp">
      <Filter>Source Files\src\rgb</Filter>
    </ClInclude>
    <ClInclude Include="..\..\src\color\rgb\uint32.hpp">
      <Filter>Source Files\src\rgb</Filter>
    </ClInclude>
    <ClInclude Include="..\..\src\color\rgb\uint64.hpp">
      <Filter>Source Files\src\rgb</Filter>
    </ClInclude>
    <ClInclude Include="..\..\src\color\rgb\get\alpha.hpp">
      <Filter>Source Files\src\rgb\get</Filter>
    </ClInclude>
    <ClInclude Include="..\..\src\color\rgb\get\blue.hpp">
      <Filter>Source Files\src\rgb\get</Filter>
    </ClInclude>
    <ClInclude Include="..\..\src\color\rgb\get\cyan.hpp">
      <Filter>Source Files\src\rgb\get</Filter>
    </ClInclude>
    <ClInclude Include="..\..\src\color\rgb\get\get.hpp">
      <Filter>Source Files\src\rgb\get</Filter>
    </ClInclude>
    <ClInclude Include="..\..\src\color\rgb\get\gray.hpp">
      <Filter>Source Files\src\rgb\get</Filter>
    </ClInclude>
    <ClInclude Include="..\..\src\color\rgb\get\green.hpp">
      <Filter>Source Files\src\rgb\get</Filter>
    </ClInclude>
    <ClInclude Include="..\..\src\color\rgb\get\magenta.hpp">
      <Filter>Source Files\src\rgb\get</Filter>
    </ClInclude>
    <ClInclude Include="..\..\src\color\rgb\get\red.hpp">
      <Filter>Source Files\src\rgb\get</Filter>
    </ClInclude>
    <ClInclude Include="..\..\src\color\rgb\get\yellow.hpp">
      <Filter>Source Files\src\rgb\get</Filter>
    </ClInclude>
    <ClInclude Include="..\..\src\color\rgb\make\black.hpp">
      <Filter>Source Files\src\rgb\make</Filter>
    </ClInclude>
    <ClInclude Include="..\..\src\color\rgb\make\gray.hpp">
      <Filter>Source Files\src\rgb\make</Filter>
    </ClInclude>
    <ClInclude Include="..\..\src\color\rgb\make\make.hpp">
      <Filter>Source Files\src\rgb\make</Filter>
    </ClInclude>
    <ClInclude Include="..\..\src\color\rgb\make\white.hpp">
      <Filter>Source Files\src\rgb\make</Filter>
    </ClInclude>
    <ClInclude Include="..\..\src\color\rgb\set\alpha.hpp">
      <Filter>Source Files\src\rgb\set</Filter>
    </ClInclude>
    <ClInclude Include="..\..\src\color\rgb\set\blue.hpp">
      <Filter>Source Files\src\rgb\set</Filter>
    </ClInclude>
    <ClInclude Include="..\..\src\color\rgb\set\cyan.hpp">
      <Filter>Source Files\src\rgb\set</Filter>
    </ClInclude>
    <ClInclude Include="..\..\src\color\rgb\set\gray.hpp">
      <Filter>Source Files\src\rgb\set</Filter>
    </ClInclude>
    <ClInclude Include="..\..\src\color\rgb\set\green.hpp">
      <Filter>Source Files\src\rgb\set</Filter>
    </ClInclude>
    <ClInclude Include="..\..\src\color\rgb\set\magenta.hpp">
      <Filter>Source Files\src\rgb\set</Filter>
    </ClInclude>
    <ClInclude Include="..\..\src\color\rgb\set\red.hpp">
      <Filter>Source Files\src\rgb\set</Filter>
    </ClInclude>
    <ClInclude Include="..\..\src\color\rgb\set\set.hpp">
      <Filter>Source Files\src\rgb\set</Filter>
    </ClInclude>
    <ClInclude Include="..\..\src\color\rgb\set\yellow.hpp">
      <Filter>Source Files\src\rgb\set</Filter>
    </ClInclude>
    <ClInclude Include="..\..\src\color\cmy\make\black.hpp">
      <Filter>Source Files\src\cmy\make</Filter>
    </ClInclude>
    <ClInclude Include="..\..\src\color\cmy\make\gray.hpp">
      <Filter>Source Files\src\cmy\make</Filter>
    </ClInclude>
    <ClInclude Include="..\..\src\color\cmy\make\make.hpp">
      <Filter>Source Files\src\cmy\make</Filter>
    </ClInclude>
    <ClInclude Include="..\..\src\color\cmy\make\white.hpp">
      <Filter>Source Files\src\cmy\make</Filter>
    </ClInclude>
    <ClInclude Include="..\..\src\color\cmy\set\alpha.hpp">
      <Filter>Source Files\src\cmy\set</Filter>
    </ClInclude>
    <ClInclude Include="..\..\src\color\cmy\set\blue.hpp">
      <Filter>Source Files\src\cmy\set</Filter>
    </ClInclude>
    <ClInclude Include="..\..\src\color\cmy\set\cyan.hpp">
      <Filter>Source Files\src\cmy\set</Filter>
    </ClInclude>
    <ClInclude Include="..\..\src\color\cmy\set\gray.hpp">
      <Filter>Source Files\src\cmy\set</Filter>
    </ClInclude>
    <ClInclude Include="..\..\src\color\cmy\set\green.hpp">
      <Filter>Source Files\src\cmy\set</Filter>
    </ClInclude>
    <ClInclude Include="..\..\src\color\cmy\set\magenta.hpp">
      <Filter>Source Files\src\cmy\set</Filter>
    </ClInclude>
    <ClInclude Include="..\..\src\color\cmy\set\red.hpp">
      <Filter>Source Files\src\cmy\set</Filter>
    </ClInclude>
    <ClInclude Include="..\..\src\color\cmy\set\set.hpp">
      <Filter>Source Files\src\cmy\set</Filter>
    </ClInclude>
    <ClInclude Include="..\..\src\color\cmy\set\yellow.hpp">
      <Filter>Source Files\src\cmy\set</Filter>
    </ClInclude>
    <ClInclude Include="..\..\src\color\cmy\get\alpha.hpp">
      <Filter>Source Files\src\cmy\get</Filter>
    </ClInclude>
    <ClInclude Include="..\..\src\color\cmy\get\blue.hpp">
      <Filter>Source Files\src\cmy\get</Filter>
    </ClInclude>
    <ClInclude Include="..\..\src\color\cmy\get\cyan.hpp">
      <Filter>Source Files\src\cmy\get</Filter>
    </ClInclude>
    <ClInclude Include="..\..\src\color\cmy\get\get.hpp">
      <Filter>Source Files\src\cmy\get</Filter>
    </ClInclude>
    <ClInclude Include="..\..\src\color\cmy\get\gray.hpp">
      <Filter>Source Files\src\cmy\get</Filter>
    </ClInclude>
    <ClInclude Include="..\..\src\color\cmy\get\green.hpp">
      <Filter>Source Files\src\cmy\get</Filter>
    </ClInclude>
    <ClInclude Include="..\..\src\color\cmy\get\magenta.hpp">
      <Filter>Source Files\src\cmy\get</Filter>
    </ClInclude>
    <ClInclude Include="..\..\src\color\cmy\get\red.hpp">
      <Filter>Source Files\src\cmy\get</Filter>
    </ClInclude>
    <ClInclude Include="..\..\src\color\cmy\get\yellow.hpp">
      <Filter>Source Files\src\cmy\get</Filter>
    </ClInclude>
    <ClInclude Include="..\..\src\color\gray\bool.hpp">
      <Filter>Source Files\src\gray</Filter>
    </ClInclude>
    <ClInclude Include="..\..\src\color\gray\category.hpp">
      <Filter>Source Files\src\gray</Filter>
    </ClInclude>
    <ClInclude Include="..\..\src\color\gray\double.hpp">
      <Filter>Source Files\src\gray</Filter>
    </ClInclude>
    <ClInclude Include="..\..\src\color\gray\float.hpp">
      <Filter>Source Files\src\gray</Filter>
    </ClInclude>
    <ClInclude Include="..\..\src\color\gray\gray.hpp">
      <Filter>Source Files\src\gray</Filter>
    </ClInclude>
    <ClInclude Include="..\..\src\color\gray\ldouble.hpp">
      <Filter>Source Files\src\gray</Filter>
    </ClInclude>
    <ClInclude Include="..\..\src\color\gray\uint16.hpp">
      <Filter>Source Files\src\gray</Filter>
    </ClInclude>
    <ClInclude Include="..\..\src\color\gray\uint32.hpp">
      <Filter>Source Files\src\gray</Filter>
    </ClInclude>
    <ClInclude Include="..\..\src\color\gray\uint64.hpp">
      <Filter>Source Files\src\gray</Filter>
    </ClInclude>
    <ClInclude Include="..\..\src\color\gray\uint8.hpp">
      <Filter>Source Files\src\gray</Filter>
    </ClInclude>
    <ClInclude Include="..\..\src\color\cmy\category.hpp">
      <Filter>Source Files\src\cmy</Filter>
    </ClInclude>
    <ClInclude Include="..\..\src\color\cmy\cmy.hpp">
      <Filter>Source Files\src\cmy</Filter>
    </ClInclude>
    <ClInclude Include="..\..\src\color\cmy\double.hpp">
      <Filter>Source Files\src\cmy</Filter>
    </ClInclude>
    <ClInclude Include="..\..\src\color\cmy\float.hpp">
      <Filter>Source Files\src\cmy</Filter>
    </ClInclude>
    <ClInclude Include="..\..\src\color\cmy\ldouble.hpp">
      <Filter>Source Files\src\cmy</Filter>
    </ClInclude>
    <ClInclude Include="..\..\src\color\cmy\uint16.hpp">
      <Filter>Source Files\src\cmy</Filter>
    </ClInclude>
    <ClInclude Include="..\..\src\color\cmy\uint32.hpp">
      <Filter>Source Files\src\cmy</Filter>
    </ClInclude>
    <ClInclude Include="..\..\src\color\cmy\uint64.hpp">
      <Filter>Source Files\src\cmy</Filter>
    </ClInclude>
    <ClInclude Include="..\..\src\color\yiq\get\blue.hpp">
      <Filter>Source Files\src\yiq\get</Filter>
    </ClInclude>
    <ClInclude Include="..\..\src\color\yiq\get\get.hpp">
      <Filter>Source Files\src\yiq\get</Filter>
    </ClInclude>
    <ClInclude Include="..\..\src\color\yiq\get\gray.hpp">
      <Filter>Source Files\src\yiq\get</Filter>
    </ClInclude>
    <ClInclude Include="..\..\src\color\yiq\get\green.hpp">
      <Filter>Source Files\src\yiq\get</Filter>
    </ClInclude>
    <ClInclude Include="..\..\src\color\yiq\get\inphase.hpp">
      <Filter>Source Files\src\yiq\get</Filter>
    </ClInclude>
    <ClInclude Include="..\..\src\color\yiq\get\quadrature.hpp">
      <Filter>Source Files\src\yiq\get</Filter>
    </ClInclude>
    <ClInclude Include="..\..\src\color\yiq\get\red.hpp">
      <Filter>Source Files\src\yiq\get</Filter>
    </ClInclude>
    <ClInclude Include="..\..\src\color\yiq\make\black.hpp">
      <Filter>Source Files\src\yiq\make</Filter>
    </ClInclude>
    <ClInclude Include="..\..\src\color\yiq\make\gray.hpp">
      <Filter>Source Files\src\yiq\make</Filter>
    </ClInclude>
    <ClInclude Include="..\..\src\color\yiq\make\make.hpp">
      <Filter>Source Files\src\yiq\make</Filter>
    </ClInclude>
    <ClInclude Include="..\..\src\color\yiq\make\white.hpp">
      <Filter>Source Files\src\yiq\make</Filter>
    </ClInclude>
    <ClInclude Include="..\..\src\color\yiq\set\blue.hpp">
      <Filter>Source Files\src\yiq\set</Filter>
    </ClInclude>
    <ClInclude Include="..\..\src\color\yiq\set\cyan.hpp">
      <Filter>Source Files\src\yiq\set</Filter>
    </ClInclude>
    <ClInclude Include="..\..\src\color\yiq\set\gray.hpp">
      <Filter>Source Files\src\yiq\set</Filter>
    </ClInclude>
    <ClInclude Include="..\..\src\color\yiq\set\green.hpp">
      <Filter>Source Files\src\yiq\set</Filter>
    </ClInclude>
    <ClInclude Include="..\..\src\color\yiq\set\magenta.hpp">
      <Filter>Source Files\src\yiq\set</Filter>
    </ClInclude>
    <ClInclude Include="..\..\src\color\yiq\set\red.hpp">
      <Filter>Source Files\src\yiq\set</Filter>
    </ClInclude>
    <ClInclude Include="..\..\src\color\yiq\set\set.hpp">
      <Filter>Source Files\src\yiq\set</Filter>
    </ClInclude>
    <ClInclude Include="..\..\src\color\yiq\set\yellow.hpp">
      <Filter>Source Files\src\yiq\set</Filter>
    </ClInclude>
    <ClInclude Include="..\..\src\color\rgb\convert\cmy.hpp">
      <Filter>Source Files\src\rgb\convert</Filter>
    </ClInclude>
    <ClInclude Include="..\..\src\color\rgb\convert\cmyk.hpp">
      <Filter>Source Files\src\rgb\convert</Filter>
    </ClInclude>
    <ClInclude Include="..\..\src\color\rgb\convert\convert.hpp">
      <Filter>Source Files\src\rgb\convert</Filter>
    </ClInclude>
    <ClInclude Include="..\..\src\color\rgb\convert\yiq.hpp">
      <Filter>Source Files\src\rgb\convert</Filter>
    </ClInclude>
    <ClInclude Include="..\..\src\color\cmy\convert\convert.hpp">
      <Filter>Source Files\src\cmy\convert</Filter>
    </ClInclude>
    <ClInclude Include="..\..\src\color\cmy\convert\rgb.hpp">
      <Filter>Source Files\src\cmy\convert</Filter>
    </ClInclude>
    <ClInclude Include="..\..\src\color\gray\get\yellow.hpp">
      <Filter>Source Files\src\gray\get</Filter>
    </ClInclude>
    <ClInclude Include="..\..\src\color\gray\get\red.hpp">
      <Filter>Source Files\src\gray\get</Filter>
    </ClInclude>
    <ClInclude Include="..\..\src\color\gray\get\magenta.hpp">
      <Filter>Source Files\src\gray\get</Filter>
    </ClInclude>
    <ClInclude Include="..\..\src\color\gray\get\green.hpp">
      <Filter>Source Files\src\gray\get</Filter>
    </ClInclude>
    <ClInclude Include="..\..\src\color\gray\get\gray.hpp">
      <Filter>Source Files\src\gray\get</Filter>
    </ClInclude>
    <ClInclude Include="..\..\src\color\gray\get\get.hpp">
      <Filter>Source Files\src\gray\get</Filter>
    </ClInclude>
    <ClInclude Include="..\..\src\color\gray\get\cyan.hpp">
      <Filter>Source Files\src\gray\get</Filter>
    </ClInclude>
    <ClInclude Include="..\..\src\color\gray\get\blue.hpp">
      <Filter>Source Files\src\gray\get</Filter>
    </ClInclude>
    <ClInclude Include="..\..\src\color\gray\make\white.hpp">
      <Filter>Source Files\src\gray\make</Filter>
    </ClInclude>
    <ClInclude Include="..\..\src\color\gray\make\make.hpp">
      <Filter>Source Files\src\gray\make</Filter>
    </ClInclude>
    <ClInclude Include="..\..\src\color\gray\make\gray.hpp">
      <Filter>Source Files\src\gray\make</Filter>
    </ClInclude>
    <ClInclude Include="..\..\src\color\gray\make\black.hpp">
      <Filter>Source Files\src\gray\make</Filter>
    </ClInclude>
    <ClInclude Include="..\..\src\color\gray\set\yellow.hpp">
      <Filter>Source Files\src\gray\set</Filter>
    </ClInclude>
    <ClInclude Include="..\..\src\color\gray\set\set.hpp">
      <Filter>Source Files\src\gray\set</Filter>
    </ClInclude>
    <ClInclude Include="..\..\src\color\gray\set\red.hpp">
      <Filter>Source Files\src\gray\set</Filter>
    </ClInclude>
    <ClInclude Include="..\..\src\color\gray\set\magenta.hpp">
      <Filter>Source Files\src\gray\set</Filter>
    </ClInclude>
    <ClInclude Include="..\..\src\color\gray\set\green.hpp">
      <Filter>Source Files\src\gray\set</Filter>
    </ClInclude>
    <ClInclude Include="..\..\src\color\gray\set\gray.hpp">
      <Filter>Source Files\src\gray\set</Filter>
    </ClInclude>
    <ClInclude Include="..\..\src\color\gray\set\cyan.hpp">
      <Filter>Source Files\src\gray\set</Filter>
    </ClInclude>
    <ClInclude Include="..\..\src\color\gray\set\blue.hpp">
      <Filter>Source Files\src\gray\set</Filter>
    </ClInclude>
    <ClInclude Include="..\..\src\color\cmyk\get\yellow.hpp">
      <Filter>Source Files\src\cmyk\get</Filter>
    </ClInclude>
    <ClInclude Include="..\..\src\color\cmyk\get\red.hpp">
      <Filter>Source Files\src\cmyk\get</Filter>
    </ClInclude>
    <ClInclude Include="..\..\src\color\cmyk\get\magenta.hpp">
      <Filter>Source Files\src\cmyk\get</Filter>
    </ClInclude>
    <ClInclude Include="..\..\src\color\cmyk\get\green.hpp">
      <Filter>Source Files\src\cmyk\get</Filter>
    </ClInclude>
    <ClInclude Include="..\..\src\color\cmyk\get\gray.hpp">
      <Filter>Source Files\src\cmyk\get</Filter>
    </ClInclude>
    <ClInclude Include="..\..\src\color\cmyk\get\get.hpp">
      <Filter>Source Files\src\cmyk\get</Filter>
    </ClInclude>
    <ClInclude Include="..\..\src\color\cmyk\get\cyan.hpp">
      <Filter>Source Files\src\cmyk\get</Filter>
    </ClInclude>
    <ClInclude Include="..\..\src\color\cmyk\get\blue.hpp">
      <Filter>Source Files\src\cmyk\get</Filter>
    </ClInclude>
    <ClInclude Include="..\..\src\color\cmyk\make\white.hpp">
      <Filter>Source Files\src\cmyk\make</Filter>
    </ClInclude>
    <ClInclude Include="..\..\src\color\cmyk\make\make.hpp">
      <Filter>Source Files\src\cmyk\make</Filter>
    </ClInclude>
    <ClInclude Include="..\..\src\color\cmyk\make\gray.hpp">
      <Filter>Source Files\src\cmyk\make</Filter>
    </ClInclude>
    <ClInclude Include="..\..\src\color\cmyk\make\black.hpp">
      <Filter>Source Files\src\cmyk\make</Filter>
    </ClInclude>
    <ClInclude Include="..\..\src\color\cmyk\set\yellow.hpp">
      <Filter>Source Files\src\cmyk\set</Filter>
    </ClInclude>
    <ClInclude Include="..\..\src\color\cmyk\set\set.hpp">
      <Filter>Source Files\src\cmyk\set</Filter>
    </ClInclude>
    <ClInclude Include="..\..\src\color\cmyk\set\red.hpp">
      <Filter>Source Files\src\cmyk\set</Filter>
    </ClInclude>
    <ClInclude Include="..\..\src\color\cmyk\set\magenta.hpp">
      <Filter>Source Files\src\cmyk\set</Filter>
    </ClInclude>
    <ClInclude Include="..\..\src\color\cmyk\set\green.hpp">
      <Filter>Source Files\src\cmyk\set</Filter>
    </ClInclude>
    <ClInclude Include="..\..\src\color\cmyk\set\gray.hpp">
      <Filter>Source Files\src\cmyk\set</Filter>
    </ClInclude>
    <ClInclude Include="..\..\src\color\cmyk\set\cyan.hpp">
      <Filter>Source Files\src\cmyk\set</Filter>
    </ClInclude>
    <ClInclude Include="..\..\src\color\cmyk\set\blue.hpp">
      <Filter>Source Files\src\cmyk\set</Filter>
    </ClInclude>
    <ClInclude Include="..\..\src\color\hsl\uint64.hpp">
      <Filter>Source Files\src\hsl</Filter>
    </ClInclude>
    <ClInclude Include="..\..\src\color\hsl\uint32.hpp">
      <Filter>Source Files\src\hsl</Filter>
    </ClInclude>
    <ClInclude Include="..\..\src\color\hsl\uint16.hpp">
      <Filter>Source Files\src\hsl</Filter>
    </ClInclude>
    <ClInclude Include="..\..\src\color\hsl\ldouble.hpp">
      <Filter>Source Files\src\hsl</Filter>
    </ClInclude>
    <ClInclude Include="..\..\src\color\hsl\hsl.hpp">
      <Filter>Source Files\src\hsl</Filter>
    </ClInclude>
    <ClInclude Include="..\..\src\color\hsl\float.hpp">
      <Filter>Source Files\src\hsl</Filter>
    </ClInclude>
    <ClInclude Include="..\..\src\color\hsl\double.hpp">
      <Filter>Source Files\src\hsl</Filter>
    </ClInclude>
    <ClInclude Include="..\..\src\color\hsl\category.hpp">
      <Filter>Source Files\src\hsl</Filter>
    </ClInclude>
    <ClInclude Include="..\..\src\color\hsl\get\hue.hpp">
      <Filter>Source Files\src\hsl\get</Filter>
    </ClInclude>
    <ClInclude Include="..\..\src\color\hsl\get\gray.hpp">
      <Filter>Source Files\src\hsl\get</Filter>
    </ClInclude>
    <ClInclude Include="..\..\src\color\hsl\get\get.hpp">
      <Filter>Source Files\src\hsl\get</Filter>
    </ClInclude>
    <ClInclude Include="..\..\src\color\hsl\make\white.hpp">
      <Filter>Source Files\src\hsl\make</Filter>
    </ClInclude>
    <ClInclude Include="..\..\src\color\hsl\make\make.hpp">
      <Filter>Source Files\src\hsl\make</Filter>
    </ClInclude>
    <ClInclude Include="..\..\src\color\hsl\make\gray.hpp">
      <Filter>Source Files\src\hsl\make</Filter>
    </ClInclude>
    <ClInclude Include="..\..\src\color\hsl\make\black.hpp">
      <Filter>Source Files\src\hsl\make</Filter>
    </ClInclude>
    <ClInclude Include="..\..\src\color\hsl\set\set.hpp">
      <Filter>Source Files\src\hsl\set</Filter>
    </ClInclude>
    <ClInclude Include="..\..\src\color\hsl\set\hue.hpp">
      <Filter>Source Files\src\hsl\set</Filter>
    </ClInclude>
    <ClInclude Include="..\..\src\color\hsl\set\gray.hpp">
      <Filter>Source Files\src\hsl\set</Filter>
    </ClInclude>
    <ClInclude Include="..\..\src\color\_internal\utility\bound\general.hpp">
      <Filter>Source Files\src\_internal\utility\bound</Filter>
    </ClInclude>
    <ClInclude Include="..\..\src\color\_internal\utility\bound\556.hpp">
      <Filter>Source Files\src\_internal\utility\bound</Filter>
    </ClInclude>
    <ClInclude Include="..\..\src\color\_internal\utility\bound\422.hpp">
      <Filter>Source Files\src\_internal\utility\bound</Filter>
    </ClInclude>
    <ClInclude Include="..\..\src\color\_internal\utility\bound\332.hpp">
      <Filter>Source Files\src\_internal\utility\bound</Filter>
    </ClInclude>
    <ClInclude Include="..\..\src\color\_internal\utility\component\unsigned.hpp">
      <Filter>Source Files\src\_internal\utility\component</Filter>
    </ClInclude>
    <ClInclude Include="..\..\src\color\_internal\utility\component\cnent556.hpp">
      <Filter>Source Files\src\_internal\utility\component</Filter>
    </ClInclude>
    <ClInclude Include="..\..\src\color\_internal\utility\component\cnent422.hpp">
      <Filter>Source Files\src\_internal\utility\component</Filter>
    </ClInclude>
    <ClInclude Include="..\..\src\color\_internal\utility\component\cnent332.hpp">
      <Filter>Source Files\src\_internal\utility\component</Filter>
    </ClInclude>
    <ClInclude Include="..\..\src\color\_internal\utility\component\array.hpp">
      <Filter>Source Files\src\_internal\utility\component</Filter>
    </ClInclude>
    <ClInclude Include="..\..\src\color\_internal\utility\container\unsigned.hpp">
      <Filter>Source Files\src\_internal\utility\container</Filter>
    </ClInclude>
    <ClInclude Include="..\..\src\color\_internal\utility\container\cner556.hpp">
      <Filter>Source Files\src\_internal\utility\container</Filter>
    </ClInclude>
    <ClInclude Include="..\..\src\color\_internal\utility\container\cner332.hpp">
      <Filter>Source Files\src\_internal\utility\container</Filter>
    </ClInclude>
    <ClInclude Include="..\..\src\color\_internal\utility\container\bool.hpp">
      <Filter>Source Files\src\_internal\utility\container</Filter>
    </ClInclude>
    <ClInclude Include="..\..\src\color\_internal\utility\container\array.hpp">
      <Filter>Source Files\src\_internal\utility\container</Filter>
    </ClInclude>
    <ClInclude Include="..\..\src\color\_internal\utility\type\traitp.hpp">
      <Filter>Source Files\src\_internal\utility\type</Filter>
    </ClInclude>
    <ClInclude Include="..\..\src\color\_internal\utility\type\traitc.hpp">
      <Filter>Source Files\src\_internal\utility\type</Filter>
    </ClInclude>
    <ClInclude Include="..\..\src\color\_internal\utility\type\index.hpp">
      <Filter>Source Files\src\_internal\utility\type</Filter>
    </ClInclude>
    <ClInclude Include="..\..\src\color\_internal\utility\type\bound.hpp">
      <Filter>Source Files\src\_internal\utility\type</Filter>
    </ClInclude>
    <ClInclude Include="..\..\src\color\_internal\trait.hpp">
      <Filter>Source Files\src\_internal</Filter>
    </ClInclude>
    <ClInclude Include="..\..\src\color\_internal\reformat.hpp">
      <Filter>Source Files\src\_internal</Filter>
    </ClInclude>
    <ClInclude Include="..\..\src\color\_internal\normalize.hpp">
      <Filter>Source Files\src\_internal</Filter>
    </ClInclude>
    <ClInclude Include="..\..\src\color\_internal\model.hpp">
      <Filter>Source Files\src\_internal</Filter>
    </ClInclude>
    <ClInclude Include="..\..\src\color\_internal\init.hpp">
      <Filter>Source Files\src\_internal</Filter>
    </ClInclude>
    <ClInclude Include="..\..\src\color\_internal\index.hpp">
      <Filter>Source Files\src\_internal</Filter>
    </ClInclude>
    <ClInclude Include="..\..\src\color\_internal\diverse.hpp">
      <Filter>Source Files\src\_internal</Filter>
    </ClInclude>
    <ClInclude Include="..\..\src\color\_internal\convert.hpp">
      <Filter>Source Files\src\_internal</Filter>
    </ClInclude>
    <ClInclude Include="..\..\src\color\_internal\container.hpp">
      <Filter>Source Files\src\_internal</Filter>
    </ClInclude>
    <ClInclude Include="..\..\src\color\_internal\component.hpp">
      <Filter>Source Files\src\_internal</Filter>
    </ClInclude>
    <ClInclude Include="..\..\src\color\_internal\category.hpp">
      <Filter>Source Files\src\_internal</Filter>
    </ClInclude>
    <ClInclude Include="..\..\src\color\_internal\bound.hpp">
      <Filter>Source Files\src\_internal</Filter>
    </ClInclude>
    <ClInclude Include="..\..\src\color\gray\convert\cmy.hpp">
      <Filter>Source Files\src\gray\convert</Filter>
    </ClInclude>
    <ClInclude Include="..\..\src\color\gray\convert\convert.hpp">
      <Filter>Source Files\src\gray\convert</Filter>
    </ClInclude>
    <ClInclude Include="..\..\src\color\gray\convert\rgb.hpp">
      <Filter>Source Files\src\gray\convert</Filter>
    </ClInclude>
  </ItemGroup>
</Project>